
Microsoft Visual Studio Solution File, Format Version 12.00
# Visual Studio Version 17
VisualStudioVersion = 17.7.34202.233
MinimumVisualStudioVersion = 10.0.40219.1
Project("{9A19103F-16F7-4668-BE54-9A1E7A4F7556}") = "CompanyEmployees", "CompanyEmployees\CompanyEmployees.csproj", "{034D78E5-FAF6-415F-A1A5-1C17562FA11B}"
EndProject
Project("{FAE04EC0-301F-11D3-BF4B-00C04F79EFBC}") = "Contracts", "Contracts\Contracts.csproj", "{63A8F2D5-1B3F-4658-85FB-1BD6378346F8}"
EndProject
Project("{FAE04EC0-301F-11D3-BF4B-00C04F79EFBC}") = "LoggerService", "LoggerService\LoggerService.csproj", "{A33D112C-AA6C-4451-8156-B72872FF2741}"
EndProject
Project("{FAE04EC0-301F-11D3-BF4B-00C04F79EFBC}") = "Entities", "Entities\Entities.csproj", "{DCDF1DAB-A733-4878-8595-928A3AE670D6}"
EndProject
Project("{FAE04EC0-301F-11D3-BF4B-00C04F79EFBC}") = "Repository", "Repository\Repository.csproj", "{AE312EDE-CF4E-4B17-9310-DC7943CBECE9}"
EndProject
Global
	GlobalSection(SolutionConfigurationPlatforms) = preSolution
		Debug|Any CPU = Debug|Any CPU
		Release|Any CPU = Release|Any CPU
	EndGlobalSection
	GlobalSection(ProjectConfigurationPlatforms) = postSolution
		{034D78E5-FAF6-415F-A1A5-1C17562FA11B}.Debug|Any CPU.ActiveCfg = Debug|Any CPU
		{034D78E5-FAF6-415F-A1A5-1C17562FA11B}.Debug|Any CPU.Build.0 = Debug|Any CPU
		{034D78E5-FAF6-415F-A1A5-1C17562FA11B}.Release|Any CPU.ActiveCfg = Release|Any CPU
		{034D78E5-FAF6-415F-A1A5-1C17562FA11B}.Release|Any CPU.Build.0 = Release|Any CPU
		{63A8F2D5-1B3F-4658-85FB-1BD6378346F8}.Debug|Any CPU.ActiveCfg = Debug|Any CPU
		{63A8F2D5-1B3F-4658-85FB-1BD6378346F8}.Debug|Any CPU.Build.0 = Debug|Any CPU
		{63A8F2D5-1B3F-4658-85FB-1BD6378346F8}.Release|Any CPU.ActiveCfg = Release|Any CPU
		{63A8F2D5-1B3F-4658-85FB-1BD6378346F8}.Release|Any CPU.Build.0 = Release|Any CPU
		{A33D112C-AA6C-4451-8156-B72872FF2741}.Debug|Any CPU.ActiveCfg = Debug|Any CPU
		{A33D112C-AA6C-4451-8156-B72872FF2741}.Debug|Any CPU.Build.0 = Debug|Any CPU
		{A33D112C-AA6C-4451-8156-B72872FF2741}.Release|Any CPU.ActiveCfg = Release|Any CPU
		{A33D112C-AA6C-4451-8156-B72872FF2741}.Release|Any CPU.Build.0 = Release|Any CPU
		{DCDF1DAB-A733-4878-8595-928A3AE670D6}.Debug|Any CPU.ActiveCfg = Debug|Any CPU
		{DCDF1DAB-A733-4878-8595-928A3AE670D6}.Debug|Any CPU.Build.0 = Debug|Any CPU
		{DCDF1DAB-A733-4878-8595-928A3AE670D6}.Release|Any CPU.ActiveCfg = Release|Any CPU
		{DCDF1DAB-A733-4878-8595-928A3AE670D6}.Release|Any CPU.Build.0 = Release|Any CPU
		{AE312EDE-CF4E-4B17-9310-DC7943CBECE9}.Debug|Any CPU.ActiveCfg = Debug|Any CPU
		{AE312EDE-CF4E-4B17-9310-DC7943CBECE9}.Debug|Any CPU.Build.0 = Debug|Any CPU
		{AE312EDE-CF4E-4B17-9310-DC7943CBECE9}.Release|Any CPU.ActiveCfg = Release|Any CPU
		{AE312EDE-CF4E-4B17-9310-DC7943CBECE9}.Release|Any CPU.Build.0 = Release|Any CPU
	EndGlobalSection
	GlobalSection(SolutionProperties) = preSolution
		HideSolutionNode = FALSE
	EndGlobalSection
	GlobalSection(ExtensibilityGlobals) = postSolution
		SolutionGuid = {BEC79FC9-2242-4C76-A163-546FA25A980A}
	EndGlobalSection
EndGlobal
