
Microsoft Visual Studio Solution File, Format Version 12.00
# Visual Studio Version 17
VisualStudioVersion = 17.7.34202.233
MinimumVisualStudioVersion = 10.0.40219.1
Project("{FAE04EC0-301F-11D3-BF4B-00C04F79EFBC}") = "CompanyEmployees", "CompanyEmployees\CompanyEmployees.csproj", "{034D78E5-FAF6-415F-A1A5-1C17562FA11B}"
EndProject
Global
	GlobalSection(SolutionConfigurationPlatforms) = preSolution
		Debug|Any CPU = Debug|Any CPU
		Release|Any CPU = Release|Any CPU
	EndGlobalSection
	GlobalSection(ProjectConfigurationPlatforms) = postSolution
		{034D78E5-FAF6-415F-A1A5-1C17562FA11B}.Debug|Any CPU.ActiveCfg = Debug|Any CPU
		{034D78E5-FAF6-415F-A1A5-1C17562FA11B}.Debug|Any CPU.Build.0 = Debug|Any CPU
		{034D78E5-FAF6-415F-A1A5-1C17562FA11B}.Release|Any CPU.ActiveCfg = Release|Any CPU
		{034D78E5-FAF6-415F-A1A5-1C17562FA11B}.Release|Any CPU.Build.0 = Release|Any CPU
	EndGlobalSection
	GlobalSection(SolutionProperties) = preSolution
		HideSolutionNode = FALSE
	EndGlobalSection
	GlobalSection(ExtensibilityGlobals) = postSolution
		SolutionGuid = {BEC79FC9-2242-4C76-A163-546FA25A980A}
	EndGlobalSection
EndGlobal
